
Microsoft Visual Studio Solution File, Format Version 12.00
# Visual Studio Version 17
VisualStudioVersion = 17.13.35931.197
MinimumVisualStudioVersion = 10.0.40219.1
Project("{FAE04EC0-301F-11D3-BF4B-00C04F79EFBC}") = "Assessments1", "Assessments\Assessments1.csproj", "{DBEA9C90-2804-4E1A-AB01-5C9AA32560F2}"
EndProject
Global
	GlobalSection(SolutionConfigurationPlatforms) = preSolution
		Debug|Any CPU = Debug|Any CPU
		Release|Any CPU = Release|Any CPU
	EndGlobalSection
	GlobalSection(ProjectConfigurationPlatforms) = postSolution
		{DBEA9C90-2804-4E1A-AB01-5C9AA32560F2}.Debug|Any CPU.ActiveCfg = Debug|Any CPU
		{DBEA9C90-2804-4E1A-AB01-5C9AA32560F2}.Debug|Any CPU.Build.0 = Debug|Any CPU
		{DBEA9C90-2804-4E1A-AB01-5C9AA32560F2}.Release|Any CPU.ActiveCfg = Release|Any CPU
		{DBEA9C90-2804-4E1A-AB01-5C9AA32560F2}.Release|Any CPU.Build.0 = Release|Any CPU
	EndGlobalSection
	GlobalSection(SolutionProperties) = preSolution
		HideSolutionNode = FALSE
	EndGlobalSection
	GlobalSection(ExtensibilityGlobals) = postSolution
		SolutionGuid = {2839F4ED-D516-48A9-A474-E64BA883DC77}
	EndGlobalSection
EndGlobal
